
Microsoft Visual Studio Solution File, Format Version 12.00
# Visual Studio 14
VisualStudioVersion = 14.0.25420.1
MinimumVisualStudioVersion = 10.0.40219.1
Project("{FAE04EC0-301F-11D3-BF4B-00C04F79EFBC}") = "01LargestCommonEnd", "01LargestCommonEnd\01LargestCommonEnd.csproj", "{B481EA81-1E75-464D-A52E-567FC73574C1}"
EndProject
Project("{FAE04EC0-301F-11D3-BF4B-00C04F79EFBC}") = "02RotateandSum", "02RotateandSum\02RotateandSum.csproj", "{3EBC61EF-92BF-46CD-91D3-0601831E078D}"
EndProject
Project("{FAE04EC0-301F-11D3-BF4B-00C04F79EFBC}") = "04SieveofEratosthenes", "04SieveofEratosthenes\04SieveofEratosthenes.csproj", "{25EFCC58-345E-4162-B527-8BE219376BFE}"
EndProject
Project("{FAE04EC0-301F-11D3-BF4B-00C04F79EFBC}") = "03FoldandSum", "03FoldandSum\03FoldandSum.csproj", "{C3B53ADC-8245-4417-AE20-719BD4ADAC8B}"
EndProject
Project("{FAE04EC0-301F-11D3-BF4B-00C04F79EFBC}") = "01LargestElementinArray", "01LargestElementinArray\01LargestElementinArray.csproj", "{A8DE594D-EE0D-4E48-ADD8-D183707183D0}"
EndProject
Project("{FAE04EC0-301F-11D3-BF4B-00C04F79EFBC}") = "02.CountofNegativeElementsinArray", "02.CountofNegativeElementsinArray\02.CountofNegativeElementsinArray.csproj", "{1F39D148-3963-4DCC-8870-E94E1D99EF2E}"
EndProject
Project("{FAE04EC0-301F-11D3-BF4B-00C04F79EFBC}") = "03CountofGivenElementinArray", "03CountofGivenElementinArray\03CountofGivenElementinArray.csproj", "{799E86D2-2C64-4754-8341-4509F7261A57}"
EndProject
Project("{FAE04EC0-301F-11D3-BF4B-00C04F79EFBC}") = "04CountOccurrencesofLargerNumbersinArray", "04CountOccurrencesofLargerNumbersinArray\04CountOccurrencesofLargerNumbersinArray.csproj", "{C1A7EC56-DBF8-40C9-BB87-ACE1E5D8AC78}"
EndProject
Project("{FAE04EC0-301F-11D3-BF4B-00C04F79EFBC}") = "05IncreasingSequenceofElements", "05IncreasingSequenceofElements\05IncreasingSequenceofElements.csproj", "{27785B8E-A57B-44B9-9306-E3A4D694D92C}"
EndProject
Global
	GlobalSection(SolutionConfigurationPlatforms) = preSolution
		Debug|Any CPU = Debug|Any CPU
		Release|Any CPU = Release|Any CPU
	EndGlobalSection
	GlobalSection(ProjectConfigurationPlatforms) = postSolution
		{B481EA81-1E75-464D-A52E-567FC73574C1}.Debug|Any CPU.ActiveCfg = Debug|Any CPU
		{B481EA81-1E75-464D-A52E-567FC73574C1}.Debug|Any CPU.Build.0 = Debug|Any CPU
		{B481EA81-1E75-464D-A52E-567FC73574C1}.Release|Any CPU.ActiveCfg = Release|Any CPU
		{B481EA81-1E75-464D-A52E-567FC73574C1}.Release|Any CPU.Build.0 = Release|Any CPU
		{3EBC61EF-92BF-46CD-91D3-0601831E078D}.Debug|Any CPU.ActiveCfg = Debug|Any CPU
		{3EBC61EF-92BF-46CD-91D3-0601831E078D}.Debug|Any CPU.Build.0 = Debug|Any CPU
		{3EBC61EF-92BF-46CD-91D3-0601831E078D}.Release|Any CPU.ActiveCfg = Release|Any CPU
		{3EBC61EF-92BF-46CD-91D3-0601831E078D}.Release|Any CPU.Build.0 = Release|Any CPU
		{25EFCC58-345E-4162-B527-8BE219376BFE}.Debug|Any CPU.ActiveCfg = Debug|Any CPU
		{25EFCC58-345E-4162-B527-8BE219376BFE}.Debug|Any CPU.Build.0 = Debug|Any CPU
		{25EFCC58-345E-4162-B527-8BE219376BFE}.Release|Any CPU.ActiveCfg = Release|Any CPU
		{25EFCC58-345E-4162-B527-8BE219376BFE}.Release|Any CPU.Build.0 = Release|Any CPU
		{C3B53ADC-8245-4417-AE20-719BD4ADAC8B}.Debug|Any CPU.ActiveCfg = Debug|Any CPU
		{C3B53ADC-8245-4417-AE20-719BD4ADAC8B}.Debug|Any CPU.Build.0 = Debug|Any CPU
		{C3B53ADC-8245-4417-AE20-719BD4ADAC8B}.Release|Any CPU.ActiveCfg = Release|Any CPU
		{C3B53ADC-8245-4417-AE20-719BD4ADAC8B}.Release|Any CPU.Build.0 = Release|Any CPU
		{A8DE594D-EE0D-4E48-ADD8-D183707183D0}.Debug|Any CPU.ActiveCfg = Debug|Any CPU
		{A8DE594D-EE0D-4E48-ADD8-D183707183D0}.Debug|Any CPU.Build.0 = Debug|Any CPU
		{A8DE594D-EE0D-4E48-ADD8-D183707183D0}.Release|Any CPU.ActiveCfg = Release|Any CPU
		{A8DE594D-EE0D-4E48-ADD8-D183707183D0}.Release|Any CPU.Build.0 = Release|Any CPU
		{1F39D148-3963-4DCC-8870-E94E1D99EF2E}.Debug|Any CPU.ActiveCfg = Debug|Any CPU
		{1F39D148-3963-4DCC-8870-E94E1D99EF2E}.Debug|Any CPU.Build.0 = Debug|Any CPU
		{1F39D148-3963-4DCC-8870-E94E1D99EF2E}.Release|Any CPU.ActiveCfg = Release|Any CPU
		{1F39D148-3963-4DCC-8870-E94E1D99EF2E}.Release|Any CPU.Build.0 = Release|Any CPU
		{799E86D2-2C64-4754-8341-4509F7261A57}.Debug|Any CPU.ActiveCfg = Debug|Any CPU
		{799E86D2-2C64-4754-8341-4509F7261A57}.Debug|Any CPU.Build.0 = Debug|Any CPU
		{799E86D2-2C64-4754-8341-4509F7261A57}.Release|Any CPU.ActiveCfg = Release|Any CPU
		{799E86D2-2C64-4754-8341-4509F7261A57}.Release|Any CPU.Build.0 = Release|Any CPU
		{C1A7EC56-DBF8-40C9-BB87-ACE1E5D8AC78}.Debug|Any CPU.ActiveCfg = Debug|Any CPU
		{C1A7EC56-DBF8-40C9-BB87-ACE1E5D8AC78}.Debug|Any CPU.Build.0 = Debug|Any CPU
		{C1A7EC56-DBF8-40C9-BB87-ACE1E5D8AC78}.Release|Any CPU.ActiveCfg = Release|Any CPU
		{C1A7EC56-DBF8-40C9-BB87-ACE1E5D8AC78}.Release|Any CPU.Build.0 = Release|Any CPU
		{27785B8E-A57B-44B9-9306-E3A4D694D92C}.Debug|Any CPU.ActiveCfg = Debug|Any CPU
		{27785B8E-A57B-44B9-9306-E3A4D694D92C}.Debug|Any CPU.Build.0 = Debug|Any CPU
		{27785B8E-A57B-44B9-9306-E3A4D694D92C}.Release|Any CPU.ActiveCfg = Release|Any CPU
		{27785B8E-A57B-44B9-9306-E3A4D694D92C}.Release|Any CPU.Build.0 = Release|Any CPU
	EndGlobalSection
	GlobalSection(SolutionProperties) = preSolution
		HideSolutionNode = FALSE
	EndGlobalSection
EndGlobal
