
Microsoft Visual Studio Solution File, Format Version 12.00
# Visual Studio 15
VisualStudioVersion = 15.0.28307.421
MinimumVisualStudioVersion = 10.0.40219.1
Project("{8BC9CEB8-8B4A-11D0-8D11-00A0C91BC942}") = "01Compile", "01Compile\01Compile.vcxproj", "{F9356EE2-0E31-4FB0-8C99-E306C470A389}"
EndProject
Project("{8BC9CEB8-8B4A-11D0-8D11-00A0C91BC942}") = "02Censorship", "02Censorship\02Censorship.vcxproj", "{17894A5D-815A-48CC-AD41-550EDBD2914F}"
EndProject
Project("{8BC9CEB8-8B4A-11D0-8D11-00A0C91BC942}") = "03Parser", "03Parser\03Parser.vcxproj", "{615295C9-3BED-4BA4-B30D-D9002069938F}"
EndProject
Project("{8BC9CEB8-8B4A-11D0-8D11-00A0C91BC942}") = "04SplitAndJoin", "04SplitAndJoin\04SplitAndJoin.vcxproj", "{64D370AD-6800-467A-AAE7-568DC4FA7554}"
EndProject
Project("{8BC9CEB8-8B4A-11D0-8D11-00A0C91BC942}") = "05Sorting", "05Sorting\05Sorting.vcxproj", "{E3D74F86-6F76-4C6D-BBE4-D67B27BAAC0A}"
EndProject
Project("{8BC9CEB8-8B4A-11D0-8D11-00A0C91BC942}") = "1Echo", "1Echo\1Echo.vcxproj", "{BF7229AD-F81A-4C34-A37C-AC3A998CDB1A}"
EndProject
Project("{8BC9CEB8-8B4A-11D0-8D11-00A0C91BC942}") = "2Notes", "2Notes\2Notes.vcxproj", "{FA68A330-3666-4BF4-8E37-DBEF4334B44C}"
EndProject
Project("{8BC9CEB8-8B4A-11D0-8D11-00A0C91BC942}") = "3Vectors", "3Vectors\3Vectors.vcxproj", "{7F9CD6C9-0E63-48FA-8881-005D67C74E4E}"
EndProject
Project("{8BC9CEB8-8B4A-11D0-8D11-00A0C91BC942}") = "4DevideBy45", "4DevideBy45\4DevideBy45.vcxproj", "{ABE279FA-B7A6-4ACA-B283-59BFB93BF8E7}"
EndProject
Project("{8BC9CEB8-8B4A-11D0-8D11-00A0C91BC942}") = "5Sequences", "5Sequences\5Sequences.vcxproj", "{C21BAB04-F3A3-4E6D-97C9-A7E6E8A4145E}"
EndProject
Global
	GlobalSection(SolutionConfigurationPlatforms) = preSolution
		Debug|x64 = Debug|x64
		Debug|x86 = Debug|x86
		Release|x64 = Release|x64
		Release|x86 = Release|x86
	EndGlobalSection
	GlobalSection(ProjectConfigurationPlatforms) = postSolution
		{F9356EE2-0E31-4FB0-8C99-E306C470A389}.Debug|x64.ActiveCfg = Debug|x64
		{F9356EE2-0E31-4FB0-8C99-E306C470A389}.Debug|x64.Build.0 = Debug|x64
		{F9356EE2-0E31-4FB0-8C99-E306C470A389}.Debug|x86.ActiveCfg = Debug|Win32
		{F9356EE2-0E31-4FB0-8C99-E306C470A389}.Debug|x86.Build.0 = Debug|Win32
		{F9356EE2-0E31-4FB0-8C99-E306C470A389}.Release|x64.ActiveCfg = Release|x64
		{F9356EE2-0E31-4FB0-8C99-E306C470A389}.Release|x64.Build.0 = Release|x64
		{F9356EE2-0E31-4FB0-8C99-E306C470A389}.Release|x86.ActiveCfg = Release|Win32
		{F9356EE2-0E31-4FB0-8C99-E306C470A389}.Release|x86.Build.0 = Release|Win32
		{17894A5D-815A-48CC-AD41-550EDBD2914F}.Debug|x64.ActiveCfg = Debug|x64
		{17894A5D-815A-48CC-AD41-550EDBD2914F}.Debug|x64.Build.0 = Debug|x64
		{17894A5D-815A-48CC-AD41-550EDBD2914F}.Debug|x86.ActiveCfg = Debug|Win32
		{17894A5D-815A-48CC-AD41-550EDBD2914F}.Debug|x86.Build.0 = Debug|Win32
		{17894A5D-815A-48CC-AD41-550EDBD2914F}.Release|x64.ActiveCfg = Release|x64
		{17894A5D-815A-48CC-AD41-550EDBD2914F}.Release|x64.Build.0 = Release|x64
		{17894A5D-815A-48CC-AD41-550EDBD2914F}.Release|x86.ActiveCfg = Release|Win32
		{17894A5D-815A-48CC-AD41-550EDBD2914F}.Release|x86.Build.0 = Release|Win32
		{615295C9-3BED-4BA4-B30D-D9002069938F}.Debug|x64.ActiveCfg = Debug|x64
		{615295C9-3BED-4BA4-B30D-D9002069938F}.Debug|x64.Build.0 = Debug|x64
		{615295C9-3BED-4BA4-B30D-D9002069938F}.Debug|x86.ActiveCfg = Debug|Win32
		{615295C9-3BED-4BA4-B30D-D9002069938F}.Debug|x86.Build.0 = Debug|Win32
		{615295C9-3BED-4BA4-B30D-D9002069938F}.Release|x64.ActiveCfg = Release|x64
		{615295C9-3BED-4BA4-B30D-D9002069938F}.Release|x64.Build.0 = Release|x64
		{615295C9-3BED-4BA4-B30D-D9002069938F}.Release|x86.ActiveCfg = Release|Win32
		{615295C9-3BED-4BA4-B30D-D9002069938F}.Release|x86.Build.0 = Release|Win32
		{64D370AD-6800-467A-AAE7-568DC4FA7554}.Debug|x64.ActiveCfg = Debug|x64
		{64D370AD-6800-467A-AAE7-568DC4FA7554}.Debug|x64.Build.0 = Debug|x64
		{64D370AD-6800-467A-AAE7-568DC4FA7554}.Debug|x86.ActiveCfg = Debug|Win32
		{64D370AD-6800-467A-AAE7-568DC4FA7554}.Debug|x86.Build.0 = Debug|Win32
		{64D370AD-6800-467A-AAE7-568DC4FA7554}.Release|x64.ActiveCfg = Release|x64
		{64D370AD-6800-467A-AAE7-568DC4FA7554}.Release|x64.Build.0 = Release|x64
		{64D370AD-6800-467A-AAE7-568DC4FA7554}.Release|x86.ActiveCfg = Release|Win32
		{64D370AD-6800-467A-AAE7-568DC4FA7554}.Release|x86.Build.0 = Release|Win32
		{E3D74F86-6F76-4C6D-BBE4-D67B27BAAC0A}.Debug|x64.ActiveCfg = Debug|x64
		{E3D74F86-6F76-4C6D-BBE4-D67B27BAAC0A}.Debug|x64.Build.0 = Debug|x64
		{E3D74F86-6F76-4C6D-BBE4-D67B27BAAC0A}.Debug|x86.ActiveCfg = Debug|Win32
		{E3D74F86-6F76-4C6D-BBE4-D67B27BAAC0A}.Debug|x86.Build.0 = Debug|Win32
		{E3D74F86-6F76-4C6D-BBE4-D67B27BAAC0A}.Release|x64.ActiveCfg = Release|x64
		{E3D74F86-6F76-4C6D-BBE4-D67B27BAAC0A}.Release|x64.Build.0 = Release|x64
		{E3D74F86-6F76-4C6D-BBE4-D67B27BAAC0A}.Release|x86.ActiveCfg = Release|Win32
		{E3D74F86-6F76-4C6D-BBE4-D67B27BAAC0A}.Release|x86.Build.0 = Release|Win32
		{BF7229AD-F81A-4C34-A37C-AC3A998CDB1A}.Debug|x64.ActiveCfg = Debug|x64
		{BF7229AD-F81A-4C34-A37C-AC3A998CDB1A}.Debug|x64.Build.0 = Debug|x64
		{BF7229AD-F81A-4C34-A37C-AC3A998CDB1A}.Debug|x86.ActiveCfg = Debug|Win32
		{BF7229AD-F81A-4C34-A37C-AC3A998CDB1A}.Debug|x86.Build.0 = Debug|Win32
		{BF7229AD-F81A-4C34-A37C-AC3A998CDB1A}.Release|x64.ActiveCfg = Release|x64
		{BF7229AD-F81A-4C34-A37C-AC3A998CDB1A}.Release|x64.Build.0 = Release|x64
		{BF7229AD-F81A-4C34-A37C-AC3A998CDB1A}.Release|x86.ActiveCfg = Release|Win32
		{BF7229AD-F81A-4C34-A37C-AC3A998CDB1A}.Release|x86.Build.0 = Release|Win32
		{FA68A330-3666-4BF4-8E37-DBEF4334B44C}.Debug|x64.ActiveCfg = Debug|x64
		{FA68A330-3666-4BF4-8E37-DBEF4334B44C}.Debug|x64.Build.0 = Debug|x64
		{FA68A330-3666-4BF4-8E37-DBEF4334B44C}.Debug|x86.ActiveCfg = Debug|Win32
		{FA68A330-3666-4BF4-8E37-DBEF4334B44C}.Debug|x86.Build.0 = Debug|Win32
		{FA68A330-3666-4BF4-8E37-DBEF4334B44C}.Release|x64.ActiveCfg = Release|x64
		{FA68A330-3666-4BF4-8E37-DBEF4334B44C}.Release|x64.Build.0 = Release|x64
		{FA68A330-3666-4BF4-8E37-DBEF4334B44C}.Release|x86.ActiveCfg = Release|Win32
		{FA68A330-3666-4BF4-8E37-DBEF4334B44C}.Release|x86.Build.0 = Release|Win32
		{7F9CD6C9-0E63-48FA-8881-005D67C74E4E}.Debug|x64.ActiveCfg = Debug|x64
		{7F9CD6C9-0E63-48FA-8881-005D67C74E4E}.Debug|x64.Build.0 = Debug|x64
		{7F9CD6C9-0E63-48FA-8881-005D67C74E4E}.Debug|x86.ActiveCfg = Debug|Win32
		{7F9CD6C9-0E63-48FA-8881-005D67C74E4E}.Debug|x86.Build.0 = Debug|Win32
		{7F9CD6C9-0E63-48FA-8881-005D67C74E4E}.Release|x64.ActiveCfg = Release|x64
		{7F9CD6C9-0E63-48FA-8881-005D67C74E4E}.Release|x64.Build.0 = Release|x64
		{7F9CD6C9-0E63-48FA-8881-005D67C74E4E}.Release|x86.ActiveCfg = Release|Win32
		{7F9CD6C9-0E63-48FA-8881-005D67C74E4E}.Release|x86.Build.0 = Release|Win32
		{ABE279FA-B7A6-4ACA-B283-59BFB93BF8E7}.Debug|x64.ActiveCfg = Debug|x64
		{ABE279FA-B7A6-4ACA-B283-59BFB93BF8E7}.Debug|x64.Build.0 = Debug|x64
		{ABE279FA-B7A6-4ACA-B283-59BFB93BF8E7}.Debug|x86.ActiveCfg = Debug|Win32
		{ABE279FA-B7A6-4ACA-B283-59BFB93BF8E7}.Debug|x86.Build.0 = Debug|Win32
		{ABE279FA-B7A6-4ACA-B283-59BFB93BF8E7}.Release|x64.ActiveCfg = Release|x64
		{ABE279FA-B7A6-4ACA-B283-59BFB93BF8E7}.Release|x64.Build.0 = Release|x64
		{ABE279FA-B7A6-4ACA-B283-59BFB93BF8E7}.Release|x86.ActiveCfg = Release|Win32
		{ABE279FA-B7A6-4ACA-B283-59BFB93BF8E7}.Release|x86.Build.0 = Release|Win32
		{C21BAB04-F3A3-4E6D-97C9-A7E6E8A4145E}.Debug|x64.ActiveCfg = Debug|x64
		{C21BAB04-F3A3-4E6D-97C9-A7E6E8A4145E}.Debug|x64.Build.0 = Debug|x64
		{C21BAB04-F3A3-4E6D-97C9-A7E6E8A4145E}.Debug|x86.ActiveCfg = Debug|Win32
		{C21BAB04-F3A3-4E6D-97C9-A7E6E8A4145E}.Debug|x86.Build.0 = Debug|Win32
		{C21BAB04-F3A3-4E6D-97C9-A7E6E8A4145E}.Release|x64.ActiveCfg = Release|x64
		{C21BAB04-F3A3-4E6D-97C9-A7E6E8A4145E}.Release|x64.Build.0 = Release|x64
		{C21BAB04-F3A3-4E6D-97C9-A7E6E8A4145E}.Release|x86.ActiveCfg = Release|Win32
		{C21BAB04-F3A3-4E6D-97C9-A7E6E8A4145E}.Release|x86.Build.0 = Release|Win32
	EndGlobalSection
	GlobalSection(SolutionProperties) = preSolution
		HideSolutionNode = FALSE
	EndGlobalSection
	GlobalSection(ExtensibilityGlobals) = postSolution
		SolutionGuid = {0F55B1A5-EEAA-48ED-9644-854B59CCE47C}
	EndGlobalSection
EndGlobal
