
Microsoft Visual Studio Solution File, Format Version 12.00
# Visual Studio 15
VisualStudioVersion = 15.0.28307.421
MinimumVisualStudioVersion = 10.0.40219.1
Project("{8BC9CEB8-8B4A-11D0-8D11-00A0C91BC942}") = "01Compile", "01Compile\01Compile.vcxproj", "{38EFF65E-DA6F-4A1A-9DD4-65DA61E6C6B6}"
EndProject
Project("{8BC9CEB8-8B4A-11D0-8D11-00A0C91BC942}") = "02Censorship", "02Censorship\02Censorship.vcxproj", "{02BD6D07-7435-4F03-AA50-2DBC787C8BAA}"
EndProject
Project("{8BC9CEB8-8B4A-11D0-8D11-00A0C91BC942}") = "03Parser", "03Parser\03Parser.vcxproj", "{9D89B036-8F77-4DF3-BC2E-FE3D5DC92E50}"
EndProject
Project("{8BC9CEB8-8B4A-11D0-8D11-00A0C91BC942}") = "04SplitAndJoin", "04SplitAndJoin\04SplitAndJoin.vcxproj", "{7CB71146-B41E-4485-AEFD-A8F1688CD0E7}"
EndProject
Project("{8BC9CEB8-8B4A-11D0-8D11-00A0C91BC942}") = "1Echo", "1Echo\1Echo.vcxproj", "{A381AA2A-834E-4C62-BB65-787B5C9A1136}"
EndProject
Project("{8BC9CEB8-8B4A-11D0-8D11-00A0C91BC942}") = "2Notes", "2Notes\2Notes.vcxproj", "{EC12A4CC-FA2F-4C04-9CB2-2F4778BA95C8}"
EndProject
Project("{8BC9CEB8-8B4A-11D0-8D11-00A0C91BC942}") = "3Vectors", "3Vectors\3Vectors.vcxproj", "{7C5C840B-C846-422E-B7D9-76751FA19D63}"
EndProject
Global
	GlobalSection(SolutionConfigurationPlatforms) = preSolution
		Debug|x64 = Debug|x64
		Debug|x86 = Debug|x86
		Release|x64 = Release|x64
		Release|x86 = Release|x86
	EndGlobalSection
	GlobalSection(ProjectConfigurationPlatforms) = postSolution
		{38EFF65E-DA6F-4A1A-9DD4-65DA61E6C6B6}.Debug|x64.ActiveCfg = Debug|x64
		{38EFF65E-DA6F-4A1A-9DD4-65DA61E6C6B6}.Debug|x64.Build.0 = Debug|x64
		{38EFF65E-DA6F-4A1A-9DD4-65DA61E6C6B6}.Debug|x86.ActiveCfg = Debug|Win32
		{38EFF65E-DA6F-4A1A-9DD4-65DA61E6C6B6}.Debug|x86.Build.0 = Debug|Win32
		{38EFF65E-DA6F-4A1A-9DD4-65DA61E6C6B6}.Release|x64.ActiveCfg = Release|x64
		{38EFF65E-DA6F-4A1A-9DD4-65DA61E6C6B6}.Release|x64.Build.0 = Release|x64
		{38EFF65E-DA6F-4A1A-9DD4-65DA61E6C6B6}.Release|x86.ActiveCfg = Release|Win32
		{38EFF65E-DA6F-4A1A-9DD4-65DA61E6C6B6}.Release|x86.Build.0 = Release|Win32
		{02BD6D07-7435-4F03-AA50-2DBC787C8BAA}.Debug|x64.ActiveCfg = Debug|x64
		{02BD6D07-7435-4F03-AA50-2DBC787C8BAA}.Debug|x64.Build.0 = Debug|x64
		{02BD6D07-7435-4F03-AA50-2DBC787C8BAA}.Debug|x86.ActiveCfg = Debug|Win32
		{02BD6D07-7435-4F03-AA50-2DBC787C8BAA}.Debug|x86.Build.0 = Debug|Win32
		{02BD6D07-7435-4F03-AA50-2DBC787C8BAA}.Release|x64.ActiveCfg = Release|x64
		{02BD6D07-7435-4F03-AA50-2DBC787C8BAA}.Release|x64.Build.0 = Release|x64
		{02BD6D07-7435-4F03-AA50-2DBC787C8BAA}.Release|x86.ActiveCfg = Release|Win32
		{02BD6D07-7435-4F03-AA50-2DBC787C8BAA}.Release|x86.Build.0 = Release|Win32
		{9D89B036-8F77-4DF3-BC2E-FE3D5DC92E50}.Debug|x64.ActiveCfg = Debug|x64
		{9D89B036-8F77-4DF3-BC2E-FE3D5DC92E50}.Debug|x64.Build.0 = Debug|x64
		{9D89B036-8F77-4DF3-BC2E-FE3D5DC92E50}.Debug|x86.ActiveCfg = Debug|Win32
		{9D89B036-8F77-4DF3-BC2E-FE3D5DC92E50}.Debug|x86.Build.0 = Debug|Win32
		{9D89B036-8F77-4DF3-BC2E-FE3D5DC92E50}.Release|x64.ActiveCfg = Release|x64
		{9D89B036-8F77-4DF3-BC2E-FE3D5DC92E50}.Release|x64.Build.0 = Release|x64
		{9D89B036-8F77-4DF3-BC2E-FE3D5DC92E50}.Release|x86.ActiveCfg = Release|Win32
		{9D89B036-8F77-4DF3-BC2E-FE3D5DC92E50}.Release|x86.Build.0 = Release|Win32
		{7CB71146-B41E-4485-AEFD-A8F1688CD0E7}.Debug|x64.ActiveCfg = Debug|x64
		{7CB71146-B41E-4485-AEFD-A8F1688CD0E7}.Debug|x64.Build.0 = Debug|x64
		{7CB71146-B41E-4485-AEFD-A8F1688CD0E7}.Debug|x86.ActiveCfg = Debug|Win32
		{7CB71146-B41E-4485-AEFD-A8F1688CD0E7}.Debug|x86.Build.0 = Debug|Win32
		{7CB71146-B41E-4485-AEFD-A8F1688CD0E7}.Release|x64.ActiveCfg = Release|x64
		{7CB71146-B41E-4485-AEFD-A8F1688CD0E7}.Release|x64.Build.0 = Release|x64
		{7CB71146-B41E-4485-AEFD-A8F1688CD0E7}.Release|x86.ActiveCfg = Release|Win32
		{7CB71146-B41E-4485-AEFD-A8F1688CD0E7}.Release|x86.Build.0 = Release|Win32
		{A381AA2A-834E-4C62-BB65-787B5C9A1136}.Debug|x64.ActiveCfg = Debug|x64
		{A381AA2A-834E-4C62-BB65-787B5C9A1136}.Debug|x64.Build.0 = Debug|x64
		{A381AA2A-834E-4C62-BB65-787B5C9A1136}.Debug|x86.ActiveCfg = Debug|Win32
		{A381AA2A-834E-4C62-BB65-787B5C9A1136}.Debug|x86.Build.0 = Debug|Win32
		{A381AA2A-834E-4C62-BB65-787B5C9A1136}.Release|x64.ActiveCfg = Release|x64
		{A381AA2A-834E-4C62-BB65-787B5C9A1136}.Release|x64.Build.0 = Release|x64
		{A381AA2A-834E-4C62-BB65-787B5C9A1136}.Release|x86.ActiveCfg = Release|Win32
		{A381AA2A-834E-4C62-BB65-787B5C9A1136}.Release|x86.Build.0 = Release|Win32
		{EC12A4CC-FA2F-4C04-9CB2-2F4778BA95C8}.Debug|x64.ActiveCfg = Debug|x64
		{EC12A4CC-FA2F-4C04-9CB2-2F4778BA95C8}.Debug|x64.Build.0 = Debug|x64
		{EC12A4CC-FA2F-4C04-9CB2-2F4778BA95C8}.Debug|x86.ActiveCfg = Debug|Win32
		{EC12A4CC-FA2F-4C04-9CB2-2F4778BA95C8}.Debug|x86.Build.0 = Debug|Win32
		{EC12A4CC-FA2F-4C04-9CB2-2F4778BA95C8}.Release|x64.ActiveCfg = Release|x64
		{EC12A4CC-FA2F-4C04-9CB2-2F4778BA95C8}.Release|x64.Build.0 = Release|x64
		{EC12A4CC-FA2F-4C04-9CB2-2F4778BA95C8}.Release|x86.ActiveCfg = Release|Win32
		{EC12A4CC-FA2F-4C04-9CB2-2F4778BA95C8}.Release|x86.Build.0 = Release|Win32
		{7C5C840B-C846-422E-B7D9-76751FA19D63}.Debug|x64.ActiveCfg = Debug|x64
		{7C5C840B-C846-422E-B7D9-76751FA19D63}.Debug|x64.Build.0 = Debug|x64
		{7C5C840B-C846-422E-B7D9-76751FA19D63}.Debug|x86.ActiveCfg = Debug|Win32
		{7C5C840B-C846-422E-B7D9-76751FA19D63}.Debug|x86.Build.0 = Debug|Win32
		{7C5C840B-C846-422E-B7D9-76751FA19D63}.Release|x64.ActiveCfg = Release|x64
		{7C5C840B-C846-422E-B7D9-76751FA19D63}.Release|x64.Build.0 = Release|x64
		{7C5C840B-C846-422E-B7D9-76751FA19D63}.Release|x86.ActiveCfg = Release|Win32
		{7C5C840B-C846-422E-B7D9-76751FA19D63}.Release|x86.Build.0 = Release|Win32
	EndGlobalSection
	GlobalSection(SolutionProperties) = preSolution
		HideSolutionNode = FALSE
	EndGlobalSection
	GlobalSection(ExtensibilityGlobals) = postSolution
		SolutionGuid = {9E1F2E67-A597-4540-B6F6-B2B7E889E8B5}
	EndGlobalSection
EndGlobal
