
Microsoft Visual Studio Solution File, Format Version 12.00
# Visual Studio 14
VisualStudioVersion = 14.0.25420.1
MinimumVisualStudioVersion = 10.0.40219.1
Project("{FAE04EC0-301F-11D3-BF4B-00C04F79EFBC}") = "01SoftuniCoffeeOrders", "01SoftuniCoffeeOrders\01SoftuniCoffeeOrders.csproj", "{C939D5FF-1AFB-48E8-B2A4-67E689C81841}"
EndProject
Project("{FAE04EC0-301F-11D3-BF4B-00C04F79EFBC}") = "02CommandInterpreter", "02CommandInterpreter\02CommandInterpreter.csproj", "{FA14BA9C-7C40-4EDB-96AC-2D7389D6D0A3}"
EndProject
Global
	GlobalSection(SolutionConfigurationPlatforms) = preSolution
		Debug|Any CPU = Debug|Any CPU
		Release|Any CPU = Release|Any CPU
	EndGlobalSection
	GlobalSection(ProjectConfigurationPlatforms) = postSolution
		{C939D5FF-1AFB-48E8-B2A4-67E689C81841}.Debug|Any CPU.ActiveCfg = Debug|Any CPU
		{C939D5FF-1AFB-48E8-B2A4-67E689C81841}.Debug|Any CPU.Build.0 = Debug|Any CPU
		{C939D5FF-1AFB-48E8-B2A4-67E689C81841}.Release|Any CPU.ActiveCfg = Release|Any CPU
		{C939D5FF-1AFB-48E8-B2A4-67E689C81841}.Release|Any CPU.Build.0 = Release|Any CPU
		{FA14BA9C-7C40-4EDB-96AC-2D7389D6D0A3}.Debug|Any CPU.ActiveCfg = Debug|Any CPU
		{FA14BA9C-7C40-4EDB-96AC-2D7389D6D0A3}.Debug|Any CPU.Build.0 = Debug|Any CPU
		{FA14BA9C-7C40-4EDB-96AC-2D7389D6D0A3}.Release|Any CPU.ActiveCfg = Release|Any CPU
		{FA14BA9C-7C40-4EDB-96AC-2D7389D6D0A3}.Release|Any CPU.Build.0 = Release|Any CPU
	EndGlobalSection
	GlobalSection(SolutionProperties) = preSolution
		HideSolutionNode = FALSE
	EndGlobalSection
EndGlobal
