
Microsoft Visual Studio Solution File, Format Version 12.00
# Visual Studio 15
VisualStudioVersion = 15.0.27130.0
MinimumVisualStudioVersion = 10.0.40219.1
Project("{FAE04EC0-301F-11D3-BF4B-00C04F79EFBC}") = "01DayofWeeks", "01DayofWeeks\01DayofWeeks.csproj", "{08B4832E-4E39-4B89-8278-C763D9A70D86}"
EndProject
Project("{FAE04EC0-301F-11D3-BF4B-00C04F79EFBC}") = "02ReverseanArrayofIntegers", "02ReverseanArrayofIntegers\02ReverseanArrayofIntegers.csproj", "{27AF5D25-D861-48D8-B39E-DE22B37247A8}"
EndProject
Project("{FAE04EC0-301F-11D3-BF4B-00C04F79EFBC}") = "03TripleSum", "03TripleSum\03TripleSum.csproj", "{037F567D-9300-4277-AC2E-3AE4F3C82127}"
EndProject
Project("{FAE04EC0-301F-11D3-BF4B-00C04F79EFBC}") = "04SumArrays", "04SumArrays\04SumArrays.csproj", "{A7DDA399-ED0F-422B-96C2-B26E1AE0FB38}"
EndProject
Project("{FAE04EC0-301F-11D3-BF4B-00C04F79EFBC}") = "05CondenseArraytoNumber", "05CondenseArraytoNumber\05CondenseArraytoNumber.csproj", "{EF5A630E-3CAF-481A-924F-529D6DCDAD20}"
EndProject
Global
	GlobalSection(SolutionConfigurationPlatforms) = preSolution
		Debug|Any CPU = Debug|Any CPU
		Release|Any CPU = Release|Any CPU
	EndGlobalSection
	GlobalSection(ProjectConfigurationPlatforms) = postSolution
		{08B4832E-4E39-4B89-8278-C763D9A70D86}.Debug|Any CPU.ActiveCfg = Debug|Any CPU
		{08B4832E-4E39-4B89-8278-C763D9A70D86}.Debug|Any CPU.Build.0 = Debug|Any CPU
		{08B4832E-4E39-4B89-8278-C763D9A70D86}.Release|Any CPU.ActiveCfg = Release|Any CPU
		{08B4832E-4E39-4B89-8278-C763D9A70D86}.Release|Any CPU.Build.0 = Release|Any CPU
		{27AF5D25-D861-48D8-B39E-DE22B37247A8}.Debug|Any CPU.ActiveCfg = Debug|Any CPU
		{27AF5D25-D861-48D8-B39E-DE22B37247A8}.Debug|Any CPU.Build.0 = Debug|Any CPU
		{27AF5D25-D861-48D8-B39E-DE22B37247A8}.Release|Any CPU.ActiveCfg = Release|Any CPU
		{27AF5D25-D861-48D8-B39E-DE22B37247A8}.Release|Any CPU.Build.0 = Release|Any CPU
		{037F567D-9300-4277-AC2E-3AE4F3C82127}.Debug|Any CPU.ActiveCfg = Debug|Any CPU
		{037F567D-9300-4277-AC2E-3AE4F3C82127}.Debug|Any CPU.Build.0 = Debug|Any CPU
		{037F567D-9300-4277-AC2E-3AE4F3C82127}.Release|Any CPU.ActiveCfg = Release|Any CPU
		{037F567D-9300-4277-AC2E-3AE4F3C82127}.Release|Any CPU.Build.0 = Release|Any CPU
		{A7DDA399-ED0F-422B-96C2-B26E1AE0FB38}.Debug|Any CPU.ActiveCfg = Debug|Any CPU
		{A7DDA399-ED0F-422B-96C2-B26E1AE0FB38}.Debug|Any CPU.Build.0 = Debug|Any CPU
		{A7DDA399-ED0F-422B-96C2-B26E1AE0FB38}.Release|Any CPU.ActiveCfg = Release|Any CPU
		{A7DDA399-ED0F-422B-96C2-B26E1AE0FB38}.Release|Any CPU.Build.0 = Release|Any CPU
		{EF5A630E-3CAF-481A-924F-529D6DCDAD20}.Debug|Any CPU.ActiveCfg = Debug|Any CPU
		{EF5A630E-3CAF-481A-924F-529D6DCDAD20}.Debug|Any CPU.Build.0 = Debug|Any CPU
		{EF5A630E-3CAF-481A-924F-529D6DCDAD20}.Release|Any CPU.ActiveCfg = Release|Any CPU
		{EF5A630E-3CAF-481A-924F-529D6DCDAD20}.Release|Any CPU.Build.0 = Release|Any CPU
	EndGlobalSection
	GlobalSection(SolutionProperties) = preSolution
		HideSolutionNode = FALSE
	EndGlobalSection
	GlobalSection(ExtensibilityGlobals) = postSolution
		SolutionGuid = {A72F1A59-3E05-4F8D-B093-DD77707615C4}
	EndGlobalSection
EndGlobal
