
Microsoft Visual Studio Solution File, Format Version 12.00
# Visual Studio 15
VisualStudioVersion = 15.0.28307.572
MinimumVisualStudioVersion = 10.0.40219.1
Project("{8BC9CEB8-8B4A-11D0-8D11-00A0C91BC942}") = "01TryParse", "01TryParse\01TryParse.vcxproj", "{FCF6E4D1-A443-4FDE-8AC4-BB5A30DEAAAF}"
EndProject
Project("{8BC9CEB8-8B4A-11D0-8D11-00A0C91BC942}") = "02Find", "02Find\02Find.vcxproj", "{65D12F7A-B1CA-4D39-B9BF-A804D5A44907}"
EndProject
Project("{8BC9CEB8-8B4A-11D0-8D11-00A0C91BC942}") = "03Order", "03Order\03Order.vcxproj", "{876E24C9-5FEC-40C8-811F-0825494FDFC1}"
EndProject
Project("{8BC9CEB8-8B4A-11D0-8D11-00A0C91BC942}") = "04Profit", "04Profit\04Profit.vcxproj", "{F6C42DEF-BA44-4D96-877B-D55D2A61B873}"
EndProject
Project("{8BC9CEB8-8B4A-11D0-8D11-00A0C91BC942}") = "05Memory", "05Memory\05Memory.vcxproj", "{F0348FA7-0D01-47BB-BC46-F858B28BC0EA}"
EndProject
Global
	GlobalSection(SolutionConfigurationPlatforms) = preSolution
		Debug|x64 = Debug|x64
		Debug|x86 = Debug|x86
		Release|x64 = Release|x64
		Release|x86 = Release|x86
	EndGlobalSection
	GlobalSection(ProjectConfigurationPlatforms) = postSolution
		{FCF6E4D1-A443-4FDE-8AC4-BB5A30DEAAAF}.Debug|x64.ActiveCfg = Debug|x64
		{FCF6E4D1-A443-4FDE-8AC4-BB5A30DEAAAF}.Debug|x64.Build.0 = Debug|x64
		{FCF6E4D1-A443-4FDE-8AC4-BB5A30DEAAAF}.Debug|x86.ActiveCfg = Debug|Win32
		{FCF6E4D1-A443-4FDE-8AC4-BB5A30DEAAAF}.Debug|x86.Build.0 = Debug|Win32
		{FCF6E4D1-A443-4FDE-8AC4-BB5A30DEAAAF}.Release|x64.ActiveCfg = Release|x64
		{FCF6E4D1-A443-4FDE-8AC4-BB5A30DEAAAF}.Release|x64.Build.0 = Release|x64
		{FCF6E4D1-A443-4FDE-8AC4-BB5A30DEAAAF}.Release|x86.ActiveCfg = Release|Win32
		{FCF6E4D1-A443-4FDE-8AC4-BB5A30DEAAAF}.Release|x86.Build.0 = Release|Win32
		{65D12F7A-B1CA-4D39-B9BF-A804D5A44907}.Debug|x64.ActiveCfg = Debug|x64
		{65D12F7A-B1CA-4D39-B9BF-A804D5A44907}.Debug|x64.Build.0 = Debug|x64
		{65D12F7A-B1CA-4D39-B9BF-A804D5A44907}.Debug|x86.ActiveCfg = Debug|Win32
		{65D12F7A-B1CA-4D39-B9BF-A804D5A44907}.Debug|x86.Build.0 = Debug|Win32
		{65D12F7A-B1CA-4D39-B9BF-A804D5A44907}.Release|x64.ActiveCfg = Release|x64
		{65D12F7A-B1CA-4D39-B9BF-A804D5A44907}.Release|x64.Build.0 = Release|x64
		{65D12F7A-B1CA-4D39-B9BF-A804D5A44907}.Release|x86.ActiveCfg = Release|Win32
		{65D12F7A-B1CA-4D39-B9BF-A804D5A44907}.Release|x86.Build.0 = Release|Win32
		{876E24C9-5FEC-40C8-811F-0825494FDFC1}.Debug|x64.ActiveCfg = Debug|x64
		{876E24C9-5FEC-40C8-811F-0825494FDFC1}.Debug|x64.Build.0 = Debug|x64
		{876E24C9-5FEC-40C8-811F-0825494FDFC1}.Debug|x86.ActiveCfg = Debug|Win32
		{876E24C9-5FEC-40C8-811F-0825494FDFC1}.Debug|x86.Build.0 = Debug|Win32
		{876E24C9-5FEC-40C8-811F-0825494FDFC1}.Release|x64.ActiveCfg = Release|x64
		{876E24C9-5FEC-40C8-811F-0825494FDFC1}.Release|x64.Build.0 = Release|x64
		{876E24C9-5FEC-40C8-811F-0825494FDFC1}.Release|x86.ActiveCfg = Release|Win32
		{876E24C9-5FEC-40C8-811F-0825494FDFC1}.Release|x86.Build.0 = Release|Win32
		{F6C42DEF-BA44-4D96-877B-D55D2A61B873}.Debug|x64.ActiveCfg = Debug|x64
		{F6C42DEF-BA44-4D96-877B-D55D2A61B873}.Debug|x64.Build.0 = Debug|x64
		{F6C42DEF-BA44-4D96-877B-D55D2A61B873}.Debug|x86.ActiveCfg = Debug|Win32
		{F6C42DEF-BA44-4D96-877B-D55D2A61B873}.Debug|x86.Build.0 = Debug|Win32
		{F6C42DEF-BA44-4D96-877B-D55D2A61B873}.Release|x64.ActiveCfg = Release|x64
		{F6C42DEF-BA44-4D96-877B-D55D2A61B873}.Release|x64.Build.0 = Release|x64
		{F6C42DEF-BA44-4D96-877B-D55D2A61B873}.Release|x86.ActiveCfg = Release|Win32
		{F6C42DEF-BA44-4D96-877B-D55D2A61B873}.Release|x86.Build.0 = Release|Win32
		{F0348FA7-0D01-47BB-BC46-F858B28BC0EA}.Debug|x64.ActiveCfg = Debug|x64
		{F0348FA7-0D01-47BB-BC46-F858B28BC0EA}.Debug|x64.Build.0 = Debug|x64
		{F0348FA7-0D01-47BB-BC46-F858B28BC0EA}.Debug|x86.ActiveCfg = Debug|Win32
		{F0348FA7-0D01-47BB-BC46-F858B28BC0EA}.Debug|x86.Build.0 = Debug|Win32
		{F0348FA7-0D01-47BB-BC46-F858B28BC0EA}.Release|x64.ActiveCfg = Release|x64
		{F0348FA7-0D01-47BB-BC46-F858B28BC0EA}.Release|x64.Build.0 = Release|x64
		{F0348FA7-0D01-47BB-BC46-F858B28BC0EA}.Release|x86.ActiveCfg = Release|Win32
		{F0348FA7-0D01-47BB-BC46-F858B28BC0EA}.Release|x86.Build.0 = Release|Win32
	EndGlobalSection
	GlobalSection(SolutionProperties) = preSolution
		HideSolutionNode = FALSE
	EndGlobalSection
	GlobalSection(ExtensibilityGlobals) = postSolution
		SolutionGuid = {45C1B58A-0205-4366-A04D-CEEE3C57287B}
	EndGlobalSection
EndGlobal
