
Microsoft Visual Studio Solution File, Format Version 12.00
# Visual Studio 14
VisualStudioVersion = 14.0.25420.1
MinimumVisualStudioVersion = 10.0.40219.1
Project("{FAE04EC0-301F-11D3-BF4B-00C04F79EFBC}") = "01Shellbound", "01Shellbound\01Shellbound.csproj", "{87725DE7-1040-4361-9968-953F9A41264F}"
EndProject
Project("{FAE04EC0-301F-11D3-BF4B-00C04F79EFBC}") = "02DictRefAdvanced", "02DictRefAdvanced\02DictRefAdvanced.csproj", "{D7CA48AA-40BD-4D55-B5F3-72B38625A919}"
EndProject
Project("{FAE04EC0-301F-11D3-BF4B-00C04F79EFBC}") = "03ForumTopics", "03ForumTopics\03ForumTopics.csproj", "{C9014C84-D8FC-4931-9886-24DBFA21DCF0}"
EndProject
Global
	GlobalSection(SolutionConfigurationPlatforms) = preSolution
		Debug|Any CPU = Debug|Any CPU
		Release|Any CPU = Release|Any CPU
	EndGlobalSection
	GlobalSection(ProjectConfigurationPlatforms) = postSolution
		{87725DE7-1040-4361-9968-953F9A41264F}.Debug|Any CPU.ActiveCfg = Debug|Any CPU
		{87725DE7-1040-4361-9968-953F9A41264F}.Debug|Any CPU.Build.0 = Debug|Any CPU
		{87725DE7-1040-4361-9968-953F9A41264F}.Release|Any CPU.ActiveCfg = Release|Any CPU
		{87725DE7-1040-4361-9968-953F9A41264F}.Release|Any CPU.Build.0 = Release|Any CPU
		{D7CA48AA-40BD-4D55-B5F3-72B38625A919}.Debug|Any CPU.ActiveCfg = Debug|Any CPU
		{D7CA48AA-40BD-4D55-B5F3-72B38625A919}.Debug|Any CPU.Build.0 = Debug|Any CPU
		{D7CA48AA-40BD-4D55-B5F3-72B38625A919}.Release|Any CPU.ActiveCfg = Release|Any CPU
		{D7CA48AA-40BD-4D55-B5F3-72B38625A919}.Release|Any CPU.Build.0 = Release|Any CPU
		{C9014C84-D8FC-4931-9886-24DBFA21DCF0}.Debug|Any CPU.ActiveCfg = Debug|Any CPU
		{C9014C84-D8FC-4931-9886-24DBFA21DCF0}.Debug|Any CPU.Build.0 = Debug|Any CPU
		{C9014C84-D8FC-4931-9886-24DBFA21DCF0}.Release|Any CPU.ActiveCfg = Release|Any CPU
		{C9014C84-D8FC-4931-9886-24DBFA21DCF0}.Release|Any CPU.Build.0 = Release|Any CPU
	EndGlobalSection
	GlobalSection(SolutionProperties) = preSolution
		HideSolutionNode = FALSE
	EndGlobalSection
EndGlobal
